"@hotwired/stimulus@^3.2.2":
  version "3.2.2"
  resolved "https://registry.yarnpkg.com/@hotwired/stimulus/-/stimulus-3.2.2.tgz#071aab59c600fed95b97939e605ff261a4251608"

"@hotwired/turbo-rails@^8.0.0":
  version "8.0.12"
  resolved "https://registry.yarnpkg.com/@hotwired/turbo-rails/-/turbo-rails-8.0.12.tgz#6f1a2661122c0a2bf717f3bc68b5106638798c89"
  dependencies:
    "@hotwired/turbo" "^8.0.12"
    "@rails/actioncable" "^7.0"

"@hotwired/turbo@^8.0.12":
  version "8.0.12"
  resolved "https://registry.yarnpkg.com/@hotwired/turbo/-/turbo-8.0.12.tgz#50aa8345d7f62402680c6d2d9814660761837001"

"@rails/actioncable@^7.0":
  version "7.2.201"
  resolved "https://registry.yarnpkg.com/@rails/actioncable/-/actioncable-7.2.201.tgz#bfb3da01b3e2462f5a18f372c52dedd7de76037f"

"@tailwindcss/aspect-ratio@^0.4.2":
  version "0.4.2"
  resolved "https://registry.yarnpkg.com/@tailwindcss/aspect-ratio/-/aspect-ratio-0.4.2.tgz#9ffd52fee8e3c8b20623ff0dcb29e5c21fb0a9ba"

"@tailwindcss/forms@^0.5.7":
  version "0.5.10"
  resolved "https://registry.yarnpkg.com/@tailwindcss/forms/-/forms-0.5.10.tgz#0a1cd67b6933402f1985a04595bd24f9785aa302"
  dependencies:
    mini-svg-data-uri "^1.2.3"

"@tailwindcss/typography@^0.5.10":
  version "0.5.16"
  resolved "https://registry.yarnpkg.com/@tailwindcss/typography/-/typography-0.5.16.tgz#a926c8f44d5c439b2915e231cad80058850047c6"
  dependencies:
    lodash.castarray "^4.4.0"
    lodash.isplainobject "^4.0.6"
    lodash.merge "^4.6.2"
    postcss-selector-parser "6.0.10"

cssesc@^3.0.0:
  version "3.0.0"
  resolved "https://registry.yarnpkg.com/cssesc/-/cssesc-3.0.0.tgz#37741919903b868565e1c09ea747445cd18983ee"

lodash.castarray@^4.4.0:
  version "4.4.0"
  resolved "https://registry.yarnpkg.com/lodash.castarray/-/lodash.castarray-4.4.0.tgz#c02513515e309daddd4c24c60cfddcf5976d9115"

lodash.isplainobject@^4.0.6:
  version "4.0.6"
  resolved "https://registry.yarnpkg.com/lodash.isplainobject/-/lodash.isplainobject-4.0.6.tgz#7c526a52d89b45c45cc690b88163be0497f550cb"

lodash.merge@^4.6.2:
  version "4.6.2"
  resolved "https://registry.yarnpkg.com/lodash.merge/-/lodash.merge-4.6.2.tgz#558aa53b43b661e1925a0afdfa36a9a1085fe57a"

mini-svg-data-uri@^1.2.3:
  version "1.4.4"
  resolved "https://registry.yarnpkg.com/mini-svg-data-uri/-/mini-svg-data-uri-1.4.4.tgz#8ab0aabcdf8c29ad5693ca595af19dd2ead09939"

postcss-selector-parser@6.0.10:
  version "6.0.10"
  resolved "https://registry.yarnpkg.com/postcss-selector-parser/-/postcss-selector-parser-6.0.10.tgz#79b61e2c0d1bfc2602d549e11d0876256f8df88d"
  dependencies:
    cssesc "^3.0.0"
    util-deprecate "^1.0.2"

tailwindcss@^4.0.5:
  version "4.0.5"
  resolved "https://registry.yarnpkg.com/tailwindcss/-/tailwindcss-4.0.5.tgz#725c1b8589707e6d079b9940978d761be4a99b6b"

util-deprecate@^1.0.2:
  version "1.0.2"
  resolved "https://registry.yarnpkg.com/util-deprecate/-/util-deprecate-1.0.2.tgz#450d4dc9fa70de732762fbd2d4a28981419a0ccf"
